
Microsoft Visual Studio Solution File, Format Version 12.00
# Visual Studio Version 17
VisualStudioVersion = 17.0.31903.59
MinimumVisualStudioVersion = 10.0.40219.1
Project("{2150E333-8FDC-42A3-9474-1A3956D46DE8}") = "Source", "Source", "{B8EFCA5F-814F-285C-A8CB-F00F14650265}"
EndProject
Project("{FAE04EC0-301F-11D3-BF4B-00C04F79EFBC}") = "Phonebook.Domain", "Source\Phonebook.Domain\Phonebook.Domain.csproj", "{A8E391F5-D56C-400B-8CDD-AD0D8DE4740A}"
EndProject
Project("{FAE04EC0-301F-11D3-BF4B-00C04F79EFBC}") = "Phonebook.Application", "Source\Phonebook.Application\Phonebook.Application.csproj", "{66975D21-EB4C-40E4-B1E8-8D62C66AF1CE}"
EndProject
Project("{FAE04EC0-301F-11D3-BF4B-00C04F79EFBC}") = "Phonebook.Shared", "Source\Phonebook.Shared\Phonebook.Shared.csproj", "{D388FE4D-0FAF-4E00-907C-FF9D5A38F45E}"
EndProject
Project("{FAE04EC0-301F-11D3-BF4B-00C04F79EFBC}") = "Phonebook.WebApi", "Source\Phonebook.WebApi\Phonebook.WebApi.csproj", "{2A8B15E2-222B-4C17-9D81-6F32C1EE790E}"
EndProject
Project("{FAE04EC0-301F-11D3-BF4B-00C04F79EFBC}") = "Phonebook.Infrastructure", "Source\Phonebook.Infrastructure\Phonebook.Infrastructure.csproj", "{F0DF7FEB-75D8-4FB9-8F4D-C487D1E82800}"
EndProject
Global
	GlobalSection(SolutionConfigurationPlatforms) = preSolution
		Debug|Any CPU = Debug|Any CPU
		Debug|x64 = Debug|x64
		Debug|x86 = Debug|x86
		Release|Any CPU = Release|Any CPU
		Release|x64 = Release|x64
		Release|x86 = Release|x86
	EndGlobalSection
	GlobalSection(ProjectConfigurationPlatforms) = postSolution
		{A8E391F5-D56C-400B-8CDD-AD0D8DE4740A}.Debug|Any CPU.ActiveCfg = Debug|Any CPU
		{A8E391F5-D56C-400B-8CDD-AD0D8DE4740A}.Debug|Any CPU.Build.0 = Debug|Any CPU
		{A8E391F5-D56C-400B-8CDD-AD0D8DE4740A}.Debug|x64.ActiveCfg = Debug|Any CPU
		{A8E391F5-D56C-400B-8CDD-AD0D8DE4740A}.Debug|x64.Build.0 = Debug|Any CPU
		{A8E391F5-D56C-400B-8CDD-AD0D8DE4740A}.Debug|x86.ActiveCfg = Debug|Any CPU
		{A8E391F5-D56C-400B-8CDD-AD0D8DE4740A}.Debug|x86.Build.0 = Debug|Any CPU
		{A8E391F5-D56C-400B-8CDD-AD0D8DE4740A}.Release|Any CPU.ActiveCfg = Release|Any CPU
		{A8E391F5-D56C-400B-8CDD-AD0D8DE4740A}.Release|Any CPU.Build.0 = Release|Any CPU
		{A8E391F5-D56C-400B-8CDD-AD0D8DE4740A}.Release|x64.ActiveCfg = Release|Any CPU
		{A8E391F5-D56C-400B-8CDD-AD0D8DE4740A}.Release|x64.Build.0 = Release|Any CPU
		{A8E391F5-D56C-400B-8CDD-AD0D8DE4740A}.Release|x86.ActiveCfg = Release|Any CPU
		{A8E391F5-D56C-400B-8CDD-AD0D8DE4740A}.Release|x86.Build.0 = Release|Any CPU
		{66975D21-EB4C-40E4-B1E8-8D62C66AF1CE}.Debug|Any CPU.ActiveCfg = Debug|Any CPU
		{66975D21-EB4C-40E4-B1E8-8D62C66AF1CE}.Debug|Any CPU.Build.0 = Debug|Any CPU
		{66975D21-EB4C-40E4-B1E8-8D62C66AF1CE}.Debug|x64.ActiveCfg = Debug|Any CPU
		{66975D21-EB4C-40E4-B1E8-8D62C66AF1CE}.Debug|x64.Build.0 = Debug|Any CPU
		{66975D21-EB4C-40E4-B1E8-8D62C66AF1CE}.Debug|x86.ActiveCfg = Debug|Any CPU
		{66975D21-EB4C-40E4-B1E8-8D62C66AF1CE}.Debug|x86.Build.0 = Debug|Any CPU
		{66975D21-EB4C-40E4-B1E8-8D62C66AF1CE}.Release|Any CPU.ActiveCfg = Release|Any CPU
		{66975D21-EB4C-40E4-B1E8-8D62C66AF1CE}.Release|Any CPU.Build.0 = Release|Any CPU
		{66975D21-EB4C-40E4-B1E8-8D62C66AF1CE}.Release|x64.ActiveCfg = Release|Any CPU
		{66975D21-EB4C-40E4-B1E8-8D62C66AF1CE}.Release|x64.Build.0 = Release|Any CPU
		{66975D21-EB4C-40E4-B1E8-8D62C66AF1CE}.Release|x86.ActiveCfg = Release|Any CPU
		{66975D21-EB4C-40E4-B1E8-8D62C66AF1CE}.Release|x86.Build.0 = Release|Any CPU
		{D388FE4D-0FAF-4E00-907C-FF9D5A38F45E}.Debug|Any CPU.ActiveCfg = Debug|Any CPU
		{D388FE4D-0FAF-4E00-907C-FF9D5A38F45E}.Debug|Any CPU.Build.0 = Debug|Any CPU
		{D388FE4D-0FAF-4E00-907C-FF9D5A38F45E}.Debug|x64.ActiveCfg = Debug|Any CPU
		{D388FE4D-0FAF-4E00-907C-FF9D5A38F45E}.Debug|x64.Build.0 = Debug|Any CPU
		{D388FE4D-0FAF-4E00-907C-FF9D5A38F45E}.Debug|x86.ActiveCfg = Debug|Any CPU
		{D388FE4D-0FAF-4E00-907C-FF9D5A38F45E}.Debug|x86.Build.0 = Debug|Any CPU
		{D388FE4D-0FAF-4E00-907C-FF9D5A38F45E}.Release|Any CPU.ActiveCfg = Release|Any CPU
		{D388FE4D-0FAF-4E00-907C-FF9D5A38F45E}.Release|Any CPU.Build.0 = Release|Any CPU
		{D388FE4D-0FAF-4E00-907C-FF9D5A38F45E}.Release|x64.ActiveCfg = Release|Any CPU
		{D388FE4D-0FAF-4E00-907C-FF9D5A38F45E}.Release|x64.Build.0 = Release|Any CPU
		{D388FE4D-0FAF-4E00-907C-FF9D5A38F45E}.Release|x86.ActiveCfg = Release|Any CPU
		{D388FE4D-0FAF-4E00-907C-FF9D5A38F45E}.Release|x86.Build.0 = Release|Any CPU
		{2A8B15E2-222B-4C17-9D81-6F32C1EE790E}.Debug|Any CPU.ActiveCfg = Debug|Any CPU
		{2A8B15E2-222B-4C17-9D81-6F32C1EE790E}.Debug|Any CPU.Build.0 = Debug|Any CPU
		{2A8B15E2-222B-4C17-9D81-6F32C1EE790E}.Debug|x64.ActiveCfg = Debug|Any CPU
		{2A8B15E2-222B-4C17-9D81-6F32C1EE790E}.Debug|x64.Build.0 = Debug|Any CPU
		{2A8B15E2-222B-4C17-9D81-6F32C1EE790E}.Debug|x86.ActiveCfg = Debug|Any CPU
		{2A8B15E2-222B-4C17-9D81-6F32C1EE790E}.Debug|x86.Build.0 = Debug|Any CPU
		{2A8B15E2-222B-4C17-9D81-6F32C1EE790E}.Release|Any CPU.ActiveCfg = Release|Any CPU
		{2A8B15E2-222B-4C17-9D81-6F32C1EE790E}.Release|Any CPU.Build.0 = Release|Any CPU
		{2A8B15E2-222B-4C17-9D81-6F32C1EE790E}.Release|x64.ActiveCfg = Release|Any CPU
		{2A8B15E2-222B-4C17-9D81-6F32C1EE790E}.Release|x64.Build.0 = Release|Any CPU
		{2A8B15E2-222B-4C17-9D81-6F32C1EE790E}.Release|x86.ActiveCfg = Release|Any CPU
		{2A8B15E2-222B-4C17-9D81-6F32C1EE790E}.Release|x86.Build.0 = Release|Any CPU
		{F0DF7FEB-75D8-4FB9-8F4D-C487D1E82800}.Debug|Any CPU.ActiveCfg = Debug|Any CPU
		{F0DF7FEB-75D8-4FB9-8F4D-C487D1E82800}.Debug|Any CPU.Build.0 = Debug|Any CPU
		{F0DF7FEB-75D8-4FB9-8F4D-C487D1E82800}.Debug|x64.ActiveCfg = Debug|Any CPU
		{F0DF7FEB-75D8-4FB9-8F4D-C487D1E82800}.Debug|x64.Build.0 = Debug|Any CPU
		{F0DF7FEB-75D8-4FB9-8F4D-C487D1E82800}.Debug|x86.ActiveCfg = Debug|Any CPU
		{F0DF7FEB-75D8-4FB9-8F4D-C487D1E82800}.Debug|x86.Build.0 = Debug|Any CPU
		{F0DF7FEB-75D8-4FB9-8F4D-C487D1E82800}.Release|Any CPU.ActiveCfg = Release|Any CPU
		{F0DF7FEB-75D8-4FB9-8F4D-C487D1E82800}.Release|Any CPU.Build.0 = Release|Any CPU
		{F0DF7FEB-75D8-4FB9-8F4D-C487D1E82800}.Release|x64.ActiveCfg = Release|Any CPU
		{F0DF7FEB-75D8-4FB9-8F4D-C487D1E82800}.Release|x64.Build.0 = Release|Any CPU
		{F0DF7FEB-75D8-4FB9-8F4D-C487D1E82800}.Release|x86.ActiveCfg = Release|Any CPU
		{F0DF7FEB-75D8-4FB9-8F4D-C487D1E82800}.Release|x86.Build.0 = Release|Any CPU
	EndGlobalSection
	GlobalSection(SolutionProperties) = preSolution
		HideSolutionNode = FALSE
	EndGlobalSection
	GlobalSection(NestedProjects) = preSolution
		{A8E391F5-D56C-400B-8CDD-AD0D8DE4740A} = {B8EFCA5F-814F-285C-A8CB-F00F14650265}
		{66975D21-EB4C-40E4-B1E8-8D62C66AF1CE} = {B8EFCA5F-814F-285C-A8CB-F00F14650265}
		{D388FE4D-0FAF-4E00-907C-FF9D5A38F45E} = {B8EFCA5F-814F-285C-A8CB-F00F14650265}
		{2A8B15E2-222B-4C17-9D81-6F32C1EE790E} = {B8EFCA5F-814F-285C-A8CB-F00F14650265}
		{F0DF7FEB-75D8-4FB9-8F4D-C487D1E82800} = {B8EFCA5F-814F-285C-A8CB-F00F14650265}
	EndGlobalSection
EndGlobal
